# This file is automatically @generated by Cargo.
# It is not intended for manual editing.
version = 3

[[package]]
name = "project_euler"
version = "0.1.0"
dependencies = [
 "thrigger_primes",
 "thrigger_support",
]

[[package]]
name = "thrigger_primes"
version = "0.1.0"
source = "git+https://github.com/Thrigger/thrigger_primes.git?branch=main#02576f396ad123190c827aa32aaacdf546f41af3"

[[package]]
name = "thrigger_support"
version = "0.2.2"
source = "git+https://github.com/Thrigger/thrigger_support.git?branch=main#9b95deb8430b17f1dd7c88e113f7a6325eb2eed8"
