# This file is automatically @generated by Cargo.
# It is not intended for manual editing.
[[package]]
name = "project_euler"
version = "0.1.0"
dependencies = [
 "thrigger_primes",
]

[[package]]
name = "thrigger_primes"
version = "0.1.0"
source = "git+https://github.com/Thrigger/thrigger_primes.git?branch=main#ce58d6312d8c963f7c81e4b84db86822ce97802e"
